// !$*UTF8*$!
{
	archiveVersion = 1;
	classes = {
	};
	objectVersion = 77;
	objects = {

/* Begin PBXContainerItemProxy section */
		43BC16FF2E5CF80100FDC2B2 /* PBXContainerItemProxy */ = {
			isa = PBXContainerItemProxy;
			containerPortal = 43BC16E42E5CF80000FDC2B2 /* Project object */;
			proxyType = 1;
			remoteGlobalIDString = 43BC16EB2E5CF80000FDC2B2;
			remoteInfo = Gimme;
		};
		43BC17092E5CF80100FDC2B2 /* PBXContainerItemProxy */ = {
			isa = PBXContainerItemProxy;
			containerPortal = 43BC16E42E5CF80000FDC2B2 /* Project object */;
			proxyType = 1;
			remoteGlobalIDString = 43BC16EB2E5CF80000FDC2B2;
			remoteInfo = Gimme;
		};
/* End PBXContainerItemProxy section */

/* Begin PBXFileReference section */
		43BC16EC2E5CF80000FDC2B2 /* Gimme.app */ = {isa = PBXFileReference; explicitFileType = wrapper.application; includeInIndex = 0; path = Gimme.app; sourceTree = BUILT_PRODUCTS_DIR; };
		43BC16FE2E5CF80100FDC2B2 /* GimmeTests.xctest */ = {isa = PBXFileReference; explicitFileType = wrapper.cfbundle; includeInIndex = 0; path = GimmeTests.xctest; sourceTree = BUILT_PRODUCTS_DIR; };
		43BC17082E5CF80100FDC2B2 /* GimmeUITests.xctest */ = {isa = PBXFileReference; explicitFileType = wrapper.cfbundle; includeInIndex = 0; path = GimmeUITests.xctest; sourceTree = BUILT_PRODUCTS_DIR; };
/* End PBXFileReference section */

/* Begin PBXFileSystemSynchronizedRootGroup section */
		43BC16EE2E5CF80000FDC2B2 /* Gimme */ = {
			isa = PBXFileSystemSynchronizedRootGroup;
			path = Gimme;
			sourceTree = "<group>";
		};
		43BC17012E5CF80100FDC2B2 /* GimmeTests */ = {
			isa = PBXFileSystemSynchronizedRootGroup;
			path = GimmeTests;
			sourceTree = "<group>";
		};
		43BC170B2E5CF80100FDC2B2 /* GimmeUITests */ = {
			isa = PBXFileSystemSynchronizedRootGroup;
			path = GimmeUITests;
			sourceTree = "<group>";
		};
/* End PBXFileSystemSynchronizedRootGroup section */

/* Begin PBXFrameworksBuildPhase section */
		43BC16E92E5CF80000FDC2B2 /* Frameworks */ = {
			isa = PBXFrameworksBuildPhase;
			buildActionMask = 2147483647;
			files = (
			);
			runOnlyForDeploymentPostprocessing = 0;
		};
		43BC16FB2E5CF80100FDC2B2 /* Frameworks */ = {
			isa = PBXFrameworksBuildPhase;
			buildActionMask = 2147483647;
			files = (
			);
			runOnlyForDeploymentPostprocessing = 0;
		};
		43BC17052E5CF80100FDC2B2 /* Frameworks */ = {
			isa = PBXFrameworksBuildPhase;
			buildActionMask = 2147483647;
			files = (
			);
			runOnlyForDeploymentPostprocessing = 0;
		};
/* End PBXFrameworksBuildPhase section */

/* Begin PBXGroup section */
		43BC16E32E5CF80000FDC2B2 = {
			isa = PBXGroup;
			children = (
				43BC16EE2E5CF80000FDC2B2 /* Gimme */,
				43BC17012E5CF80100FDC2B2 /* GimmeTests */,
				43BC170B2E5CF80100FDC2B2 /* GimmeUITests */,
				43BC16ED2E5CF80000FDC2B2 /* Products */,
			);
			sourceTree = "<group>";
		};
		43BC16ED2E5CF80000FDC2B2 /* Products */ = {
			isa = PBXGroup;
			children = (
				43BC16EC2E5CF80000FDC2B2 /* Gimme.app */,
				43BC16FE2E5CF80100FDC2B2 /* GimmeTests.xctest */,
				43BC17082E5CF80100FDC2B2 /* GimmeUITests.xctest */,
			);
			name = Products;
			sourceTree = "<group>";
		};
/* End PBXGroup section */

/* Begin PBXNativeTarget section */
		43BC16EB2E5CF80000FDC2B2 /* Gimme */ = {
			isa = PBXNativeTarget;
			buildConfigurationList = 43BC17122E5CF80100FDC2B2 /* Build configuration list for PBXNativeTarget "Gimme" */;
			buildPhases = (
				43BC16E82E5CF80000FDC2B2 /* Sources */,
				43BC16E92E5CF80000FDC2B2 /* Frameworks */,
				43BC16EA2E5CF80000FDC2B2 /* Resources */,
			);
			buildRules = (
			);
			dependencies = (
			);
			fileSystemSynchronizedGroups = (
				43BC16EE2E5CF80000FDC2B2 /* Gimme */,
			);
			name = Gimme;
			packageProductDependencies = (
			);
			productName = Gimme;
			productReference = 43BC16EC2E5CF80000FDC2B2 /* Gimme.app */;
			productType = "com.apple.product-type.application";
		};
		43BC16FD2E5CF80100FDC2B2 /* GimmeTests */ = {
			isa = PBXNativeTarget;
			buildConfigurationList = 43BC17152E5CF80100FDC2B2 /* Build configuration list for PBXNativeTarget "GimmeTests" */;
			buildPhases = (
				43BC16FA2E5CF80100FDC2B2 /* Sources */,
				43BC16FB2E5CF80100FDC2B2 /* Frameworks */,
				43BC16FC2E5CF80100FDC2B2 /* Resources */,
			);
			buildRules = (
			);
			dependencies = (
				43BC17002E5CF80100FDC2B2 /* PBXTargetDependency */,
			);
			fileSystemSynchronizedGroups = (
				43BC17012E5CF80100FDC2B2 /* GimmeTests */,
			);
			name = GimmeTests;
			packageProductDependencies = (
			);
			productName = GimmeTests;
			productReference = 43BC16FE2E5CF80100FDC2B2 /* GimmeTests.xctest */;
			productType = "com.apple.product-type.bundle.unit-test";
		};
		43BC17072E5CF80100FDC2B2 /* GimmeUITests */ = {
			isa = PBXNativeTarget;
			buildConfigurationList = 43BC17182E5CF80100FDC2B2 /* Build configuration list for PBXNativeTarget "GimmeUITests" */;
			buildPhases = (
				43BC17042E5CF80100FDC2B2 /* Sources */,
				43BC17052E5CF80100FDC2B2 /* Frameworks */,
				43BC17062E5CF80100FDC2B2 /* Resources */,
			);
			buildRules = (
			);
			dependencies = (
				43BC170A2E5CF80100FDC2B2 /* PBXTargetDependency */,
			);
			fileSystemSynchronizedGroups = (
				43BC170B2E5CF80100FDC2B2 /* GimmeUITests */,
			);
			name = GimmeUITests;
			packageProductDependencies = (
			);
			productName = GimmeUITests;
			productReference = 43BC17082E5CF80100FDC2B2 /* GimmeUITests.xctest */;
			productType = "com.apple.product-type.bundle.ui-testing";
		};
/* End PBXNativeTarget section */

/* Begin PBXProject section */
		43BC16E42E5CF80000FDC2B2 /* Project object */ = {
			isa = PBXProject;
			attributes = {
				BuildIndependentTargetsInParallel = 1;
				LastSwiftUpdateCheck = 1620;
				LastUpgradeCheck = 1620;
				TargetAttributes = {
					43BC16EB2E5CF80000FDC2B2 = {
						CreatedOnToolsVersion = 16.2;
					};
					43BC16FD2E5CF80100FDC2B2 = {
						CreatedOnToolsVersion = 16.2;
						TestTargetID = 43BC16EB2E5CF80000FDC2B2;
					};
					43BC17072E5CF80100FDC2B2 = {
						CreatedOnToolsVersion = 16.2;
						TestTargetID = 43BC16EB2E5CF80000FDC2B2;
					};
				};
			};
			buildConfigurationList = 43BC16E72E5CF80000FDC2B2 /* Build configuration list for PBXProject "Gimme" */;
			developmentRegion = en;
			hasScannedForEncodings = 0;
			knownRegions = (
				en,
				Base,
			);
			mainGroup = 43BC16E32E5CF80000FDC2B2;
			minimizedProjectReferenceProxies = 1;
			preferredProjectObjectVersion = 77;
			productRefGroup = 43BC16ED2E5CF80000FDC2B2 /* Products */;
			projectDirPath = "";
			projectRoot = "";
			targets = (
				43BC16EB2E5CF80000FDC2B2 /* Gimme */,
				43BC16FD2E5CF80100FDC2B2 /* GimmeTests */,
				43BC17072E5CF80100FDC2B2 /* GimmeUITests */,
			);
		};
/* End PBXProject section */

/* Begin PBXResourcesBuildPhase section */
		43BC16EA2E5CF80000FDC2B2 /* Resources */ = {
			isa = PBXResourcesBuildPhase;
			buildActionMask = 2147483647;
			files = (
			);
			runOnlyForDeploymentPostprocessing = 0;
		};
		43BC16FC2E5CF80100FDC2B2 /* Resources */ = {
			isa = PBXResourcesBuildPhase;
			buildActionMask = 2147483647;
			files = (
			);
			runOnlyForDeploymentPostprocessing = 0;
		};
		43BC17062E5CF80100FDC2B2 /* Resources */ = {
			isa = PBXResourcesBuildPhase;
			buildActionMask = 2147483647;
			files = (
			);
			runOnlyForDeploymentPostprocessing = 0;
		};
/* End PBXResourcesBuildPhase section */

/* Begin PBXSourcesBuildPhase section */
		43BC16E82E5CF80000FDC2B2 /* Sources */ = {
			isa = PBXSourcesBuildPhase;
			buildActionMask = 2147483647;
			files = (
			);
			runOnlyForDeploymentPostprocessing = 0;
		};
		43BC16FA2E5CF80100FDC2B2 /* Sources */ = {
			isa = PBXSourcesBuildPhase;
			buildActionMask = 2147483647;
			files = (
			);
			runOnlyForDeploymentPostprocessing = 0;
		};
		43BC17042E5CF80100FDC2B2 /* Sources */ = {
			isa = PBXSourcesBuildPhase;
			buildActionMask = 2147483647;
			files = (
			);
			runOnlyForDeploymentPostprocessing = 0;
		};
/* End PBXSourcesBuildPhase section */

/* Begin PBXTargetDependency section */
		43BC17002E5CF80100FDC2B2 /* PBXTargetDependency */ = {
			isa = PBXTargetDependency;
			target = 43BC16EB2E5CF80000FDC2B2 /* Gimme */;
			targetProxy = 43BC16FF2E5CF80100FDC2B2 /* PBXContainerItemProxy */;
		};
		43BC170A2E5CF80100FDC2B2 /* PBXTargetDependency */ = {
			isa = PBXTargetDependency;
			target = 43BC16EB2E5CF80000FDC2B2 /* Gimme */;
			targetProxy = 43BC17092E5CF80100FDC2B2 /* PBXContainerItemProxy */;
		};
/* End PBXTargetDependency section */

/* Begin XCBuildConfiguration section */
		43BC17102E5CF80100FDC2B2 /* Debug */ = {
			isa = XCBuildConfiguration;
			buildSettings = {
				ALWAYS_SEARCH_USER_PATHS = NO;
				ASSETCATALOG_COMPILER_GENERATE_SWIFT_ASSET_SYMBOL_EXTENSIONS = YES;
				CLANG_ANALYZER_NONNULL = YES;
				CLANG_ANALYZER_NUMBER_OBJECT_CONVERSION = YES_AGGRESSIVE;
				CLANG_CXX_LANGUAGE_STANDARD = "gnu++20";
				CLANG_ENABLE_MODULES = YES;
				CLANG_ENABLE_OBJC_ARC = YES;
				CLANG_ENABLE_OBJC_WEAK = YES;
				CLANG_WARN_BLOCK_CAPTURE_AUTORELEASING = YES;
				CLANG_WARN_BOOL_CONVERSION = YES;
				CLANG_WARN_COMMA = YES;
				CLANG_WARN_CONSTANT_CONVERSION = YES;
				CLANG_WARN_DEPRECATED_OBJC_IMPLEMENTATIONS = YES;
				CLANG_WARN_DIRECT_OBJC_ISA_USAGE = YES_ERROR;
				CLANG_WARN_DOCUMENTATION_COMMENTS = YES;
				CLANG_WARN_EMPTY_BODY = YES;
				CLANG_WARN_ENUM_CONVERSION = YES;
				CLANG_WARN_INFINITE_RECURSION = YES;
				CLANG_WARN_INT_CONVERSION = YES;
				CLANG_WARN_NON_LITERAL_NULL_CONVERSION = YES;
				CLANG_WARN_OBJC_IMPLICIT_RETAIN_SELF = YES;
				CLANG_WARN_OBJC_LITERAL_CONVERSION = YES;
				CLANG_WARN_OBJC_ROOT_CLASS = YES_ERROR;
				CLANG_WARN_QUOTED_INCLUDE_IN_FRAMEWORK_HEADER = YES;
				CLANG_WARN_RANGE_LOOP_ANALYSIS = YES;
				CLANG_WARN_STRICT_PROTOTYPES = YES;
				CLANG_WARN_SUSPICIOUS_MOVE = YES;
				CLANG_WARN_UNGUARDED_AVAILABILITY = YES_AGGRESSIVE;
				CLANG_WARN_UNREACHABLE_CODE = YES;
				CLANG_WARN__DUPLICATE_METHOD_MATCH = YES;
				COPY_PHASE_STRIP = NO;
				DEBUG_INFORMATION_FORMAT = dwarf;
				ENABLE_STRICT_OBJC_MSGSEND = YES;
				ENABLE_TESTABILITY = YES;
				ENABLE_USER_SCRIPT_SANDBOXING = YES;
				GCC_C_LANGUAGE_STANDARD = gnu17;
				GCC_DYNAMIC_NO_PIC = NO;
				GCC_NO_COMMON_BLOCKS = YES;
				GCC_OPTIMIZATION_LEVEL = 0;
				GCC_PREPROCESSOR_DEFINITIONS = (
					"DEBUG=1",
					"$(inherited)",
				);
				GCC_WARN_64_TO_32_BIT_CONVERSION = YES;
				GCC_WARN_ABOUT_RETURN_TYPE = YES_ERROR;
				GCC_WARN_UNDECLARED_SELECTOR = YES;
				GCC_WARN_UNINITIALIZED_AUTOS = YES_AGGRESSIVE;
				GCC_WARN_UNUSED_FUNCTION = YES;
				GCC_WARN_UNUSED_VARIABLE = YES;
				IPHONEOS_DEPLOYMENT_TARGET = 18.2;
				LOCALIZATION_PREFERS_STRING_CATALOGS = YES;
				MTL_ENABLE_DEBUG_INFO = INCLUDE_SOURCE;
				MTL_FAST_MATH = YES;
				ONLY_ACTIVE_ARCH = YES;
				SDKROOT = iphoneos;
				SWIFT_ACTIVE_COMPILATION_CONDITIONS = "DEBUG $(inherited)";
				SWIFT_OPTIMIZATION_LEVEL = "-Onone";
			};
			name = Debug;
		};
		43BC17112E5CF80100FDC2B2 /* Release */ = {
			isa = XCBuildConfiguration;
			buildSettings = {
				ALWAYS_SEARCH_USER_PATHS = NO;
				ASSETCATALOG_COMPILER_GENERATE_SWIFT_ASSET_SYMBOL_EXTENSIONS = YES;
				CLANG_ANALYZER_NONNULL = YES;
				CLANG_ANALYZER_NUMBER_OBJECT_CONVERSION = YES_AGGRESSIVE;
				CLANG_CXX_LANGUAGE_STANDARD = "gnu++20";
				CLANG_ENABLE_MODULES = YES;
				CLANG_ENABLE_OBJC_ARC = YES;
				CLANG_ENABLE_OBJC_WEAK = YES;
				CLANG_WARN_BLOCK_CAPTURE_AUTORELEASING = YES;
				CLANG_WARN_BOOL_CONVERSION = YES;
				CLANG_WARN_COMMA = YES;
				CLANG_WARN_CONSTANT_CONVERSION = YES;
				CLANG_WARN_DEPRECATED_OBJC_IMPLEMENTATIONS = YES;
				CLANG_WARN_DIRECT_OBJC_ISA_USAGE = YES_ERROR;
				CLANG_WARN_DOCUMENTATION_COMMENTS = YES;
				CLANG_WARN_EMPTY_BODY = YES;
				CLANG_WARN_ENUM_CONVERSION = YES;
				CLANG_WARN_INFINITE_RECURSION = YES;
				CLANG_WARN_INT_CONVERSION = YES;
				CLANG_WARN_NON_LITERAL_NULL_CONVERSION = YES;
				CLANG_WARN_OBJC_IMPLICIT_RETAIN_SELF = YES;
				CLANG_WARN_OBJC_LITERAL_CONVERSION = YES;
				CLANG_WARN_OBJC_ROOT_CLASS = YES_ERROR;
				CLANG_WARN_QUOTED_INCLUDE_IN_FRAMEWORK_HEADER = YES;
				CLANG_WARN_RANGE_LOOP_ANALYSIS = YES;
				CLANG_WARN_STRICT_PROTOTYPES = YES;
				CLANG_WARN_SUSPICIOUS_MOVE = YES;
				CLANG_WARN_UNGUARDED_AVAILABILITY = YES_AGGRESSIVE;
				CLANG_WARN_UNREACHABLE_CODE = YES;
				CLANG_WARN__DUPLICATE_METHOD_MATCH = YES;
				COPY_PHASE_STRIP = NO;
				DEBUG_INFORMATION_FORMAT = "dwarf-with-dsym";
				ENABLE_NS_ASSERTIONS = NO;
				ENABLE_STRICT_OBJC_MSGSEND = YES;
				ENABLE_USER_SCRIPT_SANDBOXING = YES;
				GCC_C_LANGUAGE_STANDARD = gnu17;
				GCC_NO_COMMON_BLOCKS = YES;
				GCC_WARN_64_TO_32_BIT_CONVERSION = YES;
				GCC_WARN_ABOUT_RETURN_TYPE = YES_ERROR;
				GCC_WARN_UNDECLARED_SELECTOR = YES;
				GCC_WARN_UNINITIALIZED_AUTOS = YES_AGGRESSIVE;
				GCC_WARN_UNUSED_FUNCTION = YES;
				GCC_WARN_UNUSED_VARIABLE = YES;
				IPHONEOS_DEPLOYMENT_TARGET = 18.2;
				LOCALIZATION_PREFERS_STRING_CATALOGS = YES;
				MTL_ENABLE_DEBUG_INFO = NO;
				MTL_FAST_MATH = YES;
				SDKROOT = iphoneos;
				SWIFT_COMPILATION_MODE = wholemodule;
				VALIDATE_PRODUCT = YES;
			};
			name = Release;
		};
		43BC17132E5CF80100FDC2B2 /* Debug */ = {
			isa = XCBuildConfiguration;
			buildSettings = {
				ASSETCATALOG_COMPILER_APPICON_NAME = AppIcon;
				ASSETCATALOG_COMPILER_GLOBAL_ACCENT_COLOR_NAME = AccentColor;
				CODE_SIGN_STYLE = Automatic;
				CURRENT_PROJECT_VERSION = 1;
				DEVELOPMENT_ASSET_PATHS = "\"Gimme/Preview Content\"";
				DEVELOPMENT_TEAM = CF8R5ZX4XT;
				ENABLE_PREVIEWS = YES;
				GENERATE_INFOPLIST_FILE = YES;
				INFOPLIST_KEY_UIApplicationSceneManifest_Generation = YES;
				INFOPLIST_KEY_UIApplicationSupportsIndirectInputEvents = YES;
				INFOPLIST_KEY_UILaunchScreen_Generation = YES;
				INFOPLIST_KEY_UISupportedInterfaceOrientations_iPad = "UIInterfaceOrientationPortrait UIInterfaceOrientationPortraitUpsideDown UIInterfaceOrientationLandscapeLeft UIInterfaceOrientationLandscapeRight";
				INFOPLIST_KEY_UISupportedInterfaceOrientations_iPhone = "UIInterfaceOrientationPortrait UIInterfaceOrientationLandscapeLeft UIInterfaceOrientationLandscapeRight";
				LD_RUNPATH_SEARCH_PATHS = (
					"$(inherited)",
					"@executable_path/Frameworks",
				);
				MARKETING_VERSION = 1.0;
				PRODUCT_BUNDLE_IDENTIFIER = com.nevegonbuild.Gimme;
				PRODUCT_NAME = "$(TARGET_NAME)";
				SWIFT_EMIT_LOC_STRINGS = YES;
				SWIFT_VERSION = 5.0;
				TARGETED_DEVICE_FAMILY = "1,2";
			};
			name = Debug;
		};
		43BC17142E5CF80100FDC2B2 /* Release */ = {
			isa = XCBuildConfiguration;
			buildSettings = {
				ASSETCATALOG_COMPILER_APPICON_NAME = AppIcon;
				ASSETCATALOG_COMPILER_GLOBAL_ACCENT_COLOR_NAME = AccentColor;
				CODE_SIGN_STYLE = Automatic;
				CURRENT_PROJECT_VERSION = 1;
				DEVELOPMENT_ASSET_PATHS = "\"Gimme/Preview Content\"";
				DEVELOPMENT_TEAM = CF8R5ZX4XT;
				ENABLE_PREVIEWS = YES;
				GENERATE_INFOPLIST_FILE = YES;
				INFOPLIST_KEY_UIApplicationSceneManifest_Generation = YES;
				INFOPLIST_KEY_UIApplicationSupportsIndirectInputEvents = YES;
				INFOPLIST_KEY_UILaunchScreen_Generation = YES;
				INFOPLIST_KEY_UISupportedInterfaceOrientations_iPad = "UIInterfaceOrientationPortrait UIInterfaceOrientationPortraitUpsideDown UIInterfaceOrientationLandscapeLeft UIInterfaceOrientationLandscapeRight";
				INFOPLIST_KEY_UISupportedInterfaceOrientations_iPhone = "UIInterfaceOrientationPortrait UIInterfaceOrientationLandscapeLeft UIInterfaceOrientationLandscapeRight";
				LD_RUNPATH_SEARCH_PATHS = (
					"$(inherited)",
					"@executable_path/Frameworks",
				);
				MARKETING_VERSION = 1.0;
				PRODUCT_BUNDLE_IDENTIFIER = com.nevegonbuild.Gimme;
				PRODUCT_NAME = "$(TARGET_NAME)";
				SWIFT_EMIT_LOC_STRINGS = YES;
				SWIFT_VERSION = 5.0;
				TARGETED_DEVICE_FAMILY = "1,2";
			};
			name = Release;
		};
		43BC17162E5CF80100FDC2B2 /* Debug */ = {
			isa = XCBuildConfiguration;
			buildSettings = {
				BUNDLE_LOADER = "$(TEST_HOST)";
				CODE_SIGN_STYLE = Automatic;
				CURRENT_PROJECT_VERSION = 1;
				DEVELOPMENT_TEAM = CF8R5ZX4XT;
				GENERATE_INFOPLIST_FILE = YES;
				IPHONEOS_DEPLOYMENT_TARGET = 18.2;
				MARKETING_VERSION = 1.0;
				PRODUCT_BUNDLE_IDENTIFIER = com.nevegonbuild.GimmeTests;
				PRODUCT_NAME = "$(TARGET_NAME)";
				SWIFT_EMIT_LOC_STRINGS = NO;
				SWIFT_VERSION = 5.0;
				TARGETED_DEVICE_FAMILY = "1,2";
				TEST_HOST = "$(BUILT_PRODUCTS_DIR)/Gimme.app/$(BUNDLE_EXECUTABLE_FOLDER_PATH)/Gimme";
			};
			name = Debug;
		};
		43BC17172E5CF80100FDC2B2 /* Release */ = {
			isa = XCBuildConfiguration;
			buildSettings = {
				BUNDLE_LOADER = "$(TEST_HOST)";
				CODE_SIGN_STYLE = Automatic;
				CURRENT_PROJECT_VERSION = 1;
				DEVELOPMENT_TEAM = CF8R5ZX4XT;
				GENERATE_INFOPLIST_FILE = YES;
				IPHONEOS_DEPLOYMENT_TARGET = 18.2;
				MARKETING_VERSION = 1.0;
				PRODUCT_BUNDLE_IDENTIFIER = com.nevegonbuild.GimmeTests;
				PRODUCT_NAME = "$(TARGET_NAME)";
				SWIFT_EMIT_LOC_STRINGS = NO;
				SWIFT_VERSION = 5.0;
				TARGETED_DEVICE_FAMILY = "1,2";
				TEST_HOST = "$(BUILT_PRODUCTS_DIR)/Gimme.app/$(BUNDLE_EXECUTABLE_FOLDER_PATH)/Gimme";
			};
			name = Release;
		};
		43BC17192E5CF80100FDC2B2 /* Debug */ = {
			isa = XCBuildConfiguration;
			buildSettings = {
				CODE_SIGN_STYLE = Automatic;
				CURRENT_PROJECT_VERSION = 1;
				DEVELOPMENT_TEAM = CF8R5ZX4XT;
				GENERATE_INFOPLIST_FILE = YES;
				MARKETING_VERSION = 1.0;
				PRODUCT_BUNDLE_IDENTIFIER = com.nevegonbuild.GimmeUITests;
				PRODUCT_NAME = "$(TARGET_NAME)";
				SWIFT_EMIT_LOC_STRINGS = NO;
				SWIFT_VERSION = 5.0;
				TARGETED_DEVICE_FAMILY = "1,2";
				TEST_TARGET_NAME = Gimme;
			};
			name = Debug;
		};
		43BC171A2E5CF80100FDC2B2 /* Release */ = {
			isa = XCBuildConfiguration;
			buildSettings = {
				CODE_SIGN_STYLE = Automatic;
				CURRENT_PROJECT_VERSION = 1;
				DEVELOPMENT_TEAM = CF8R5ZX4XT;
				GENERATE_INFOPLIST_FILE = YES;
				MARKETING_VERSION = 1.0;
				PRODUCT_BUNDLE_IDENTIFIER = com.nevegonbuild.GimmeUITests;
				PRODUCT_NAME = "$(TARGET_NAME)";
				SWIFT_EMIT_LOC_STRINGS = NO;
				SWIFT_VERSION = 5.0;
				TARGETED_DEVICE_FAMILY = "1,2";
				TEST_TARGET_NAME = Gimme;
			};
			name = Release;
		};
/* End XCBuildConfiguration section */

/* Begin XCConfigurationList section */
		43BC16E72E5CF80000FDC2B2 /* Build configuration list for PBXProject "Gimme" */ = {
			isa = XCConfigurationList;
			buildConfigurations = (
				43BC17102E5CF80100FDC2B2 /* Debug */,
				43BC17112E5CF80100FDC2B2 /* Release */,
			);
			defaultConfigurationIsVisible = 0;
			defaultConfigurationName = Release;
		};
		43BC17122E5CF80100FDC2B2 /* Build configuration list for PBXNativeTarget "Gimme" */ = {
			isa = XCConfigurationList;
			buildConfigurations = (
				43BC17132E5CF80100FDC2B2 /* Debug */,
				43BC17142E5CF80100FDC2B2 /* Release */,
			);
			defaultConfigurationIsVisible = 0;
			defaultConfigurationName = Release;
		};
		43BC17152E5CF80100FDC2B2 /* Build configuration list for PBXNativeTarget "GimmeTests" */ = {
			isa = XCConfigurationList;
			buildConfigurations = (
				43BC17162E5CF80100FDC2B2 /* Debug */,
				43BC17172E5CF80100FDC2B2 /* Release */,
			);
			defaultConfigurationIsVisible = 0;
			defaultConfigurationName = Release;
		};
		43BC17182E5CF80100FDC2B2 /* Build configuration list for PBXNativeTarget "GimmeUITests" */ = {
			isa = XCConfigurationList;
			buildConfigurations = (
				43BC17192E5CF80100FDC2B2 /* Debug */,
				43BC171A2E5CF80100FDC2B2 /* Release */,
			);
			defaultConfigurationIsVisible = 0;
			defaultConfigurationName = Release;
		};
/* End XCConfigurationList section */
	};
	rootObject = 43BC16E42E5CF80000FDC2B2 /* Project object */;
}
